{
  "name": "ML64-DolphinModule",
  "version": "1.0.0",
  "lockfileVersion": 2,
  "requires": true,
  "packages": {
    "": {
      "name": "ML64-DolphinModule",
      "version": "1.0.0",
      "license": "ISC",
      "dependencies": {
        "dolphin-js": "https://framboise-jaune.fr/artifacts/ml64/dolphin-js",
        "dolphin-plugin": "https://framboise-jaune.fr/artifacts/ml64/dolphin-plugin",
        "ml64tk": "https://framboise-jaune.fr/artifacts/ml64/ml64tk"
      }
    },
    "node_modules/dolphin-js": {
      "version": "1.0.1-4a3034a",
      "resolved": "https://framboise-jaune.fr/artifacts/ml64/dolphin-js",
      "integrity": "sha512-LJkoJyD9oQSwcH2u9heSEcRqhQ6pn7O9YKmbF0WKQW5byGQPxKxE+rc7nXeUnfcJo0nQ4rpICFh9AH8oUZrSBg==",
      "license": "ISC"
    },
    "node_modules/dolphin-plugin": {
      "version": "1.0.0-88ca284",
      "resolved": "https://framboise-jaune.fr/artifacts/ml64/dolphin-plugin",
      "integrity": "sha512-Yv5R1mxtULUIGprBvNYrkKwG3qP1uhA1pvd//6JRb+52Z/BMzQiY3Go0h+Ofa4jbCV7iigJcHmbjyA+TTupm/w==",
      "license": "ISC"
    },
    "node_modules/ml64tk": {
      "version": "1.1.0-6112ffe",
      "resolved": "https://framboise-jaune.fr/artifacts/ml64/ml64tk",
      "integrity": "sha512-N5DhOpLXuWDNgtWyalJdegESuzdY6ijFa1quVmKos2ReEIPBdumyWgGhxlwzrP/YTQmJNsU0XwWCW3PrQbhfSg==",
      "license": "ISC"
    }
  },
  "dependencies": {
    "dolphin-js": {
      "version": "https://framboise-jaune.fr/artifacts/ml64/dolphin-js",
      "integrity": "sha512-LJkoJyD9oQSwcH2u9heSEcRqhQ6pn7O9YKmbF0WKQW5byGQPxKxE+rc7nXeUnfcJo0nQ4rpICFh9AH8oUZrSBg=="
    },
    "dolphin-plugin": {
      "version": "https://framboise-jaune.fr/artifacts/ml64/dolphin-plugin",
      "integrity": "sha512-Yv5R1mxtULUIGprBvNYrkKwG3qP1uhA1pvd//6JRb+52Z/BMzQiY3Go0h+Ofa4jbCV7iigJcHmbjyA+TTupm/w=="
    },
    "ml64tk": {
      "version": "https://framboise-jaune.fr/artifacts/ml64/ml64tk",
      "integrity": "sha512-N5DhOpLXuWDNgtWyalJdegESuzdY6ijFa1quVmKos2ReEIPBdumyWgGhxlwzrP/YTQmJNsU0XwWCW3PrQbhfSg=="
    }
  }
}
