# THIS IS AN AUTOGENERATED FILE. DO NOT EDIT THIS FILE DIRECTLY.
# yarn lockfile v1


"dolphin-js@https://framboise-jaune.fr/artifacts/ml64/dolphin-js":
  "integrity" "sha512-LJkoJyD9oQSwcH2u9heSEcRqhQ6pn7O9YKmbF0WKQW5byGQPxKxE+rc7nXeUnfcJo0nQ4rpICFh9AH8oUZrSBg=="
  "resolved" "https://framboise-jaune.fr/artifacts/ml64/dolphin-js"
  "version" "1.0.1-4a3034a"

"dolphin-plugin@https://framboise-jaune.fr/artifacts/ml64/dolphin-plugin":
  "integrity" "sha512-Yv5R1mxtULUIGprBvNYrkKwG3qP1uhA1pvd//6JRb+52Z/BMzQiY3Go0h+Ofa4jbCV7iigJcHmbjyA+TTupm/w=="
  "resolved" "https://framboise-jaune.fr/artifacts/ml64/dolphin-plugin"
  "version" "1.0.0-88ca284"

"ml64tk@https://framboise-jaune.fr/artifacts/ml64/ml64tk":
  "integrity" "sha512-N5DhOpLXuWDNgtWyalJdegESuzdY6ijFa1quVmKos2ReEIPBdumyWgGhxlwzrP/YTQmJNsU0XwWCW3PrQbhfSg=="
  "resolved" "https://framboise-jaune.fr/artifacts/ml64/ml64tk"
  "version" "1.1.0-6112ffe"
